
Microsoft Visual Studio Solution File, Format Version 12.00
# Visual Studio 15
VisualStudioVersion = 15.0.28010.2036
MinimumVisualStudioVersion = 10.0.40219.1
Project("{9A19103F-16F7-4668-BE54-9A1E7A4F7556}") = "NgStd", "NgStd\NgStd.csproj", "{7B58E6A9-327D-4829-BA9C-24A6E4C21C86}"
EndProject
Project("{2150E333-8FDC-42A3-9474-1A3956D46DE8}") = "Solution Items", "Solution Items", "{14BE6371-6AF3-4E5E-BDB5-0759886F78E1}"
	ProjectSection(SolutionItems) = preProject
		AnotacoesComandos.txt = AnotacoesComandos.txt
	EndProjectSection
EndProject
Global
	GlobalSection(SolutionConfigurationPlatforms) = preSolution
		Debug|Any CPU = Debug|Any CPU
		Release|Any CPU = Release|Any CPU
	EndGlobalSection
	GlobalSection(ProjectConfigurationPlatforms) = postSolution
		{7B58E6A9-327D-4829-BA9C-24A6E4C21C86}.Debug|Any CPU.ActiveCfg = Debug|Any CPU
		{7B58E6A9-327D-4829-BA9C-24A6E4C21C86}.Debug|Any CPU.Build.0 = Debug|Any CPU
		{7B58E6A9-327D-4829-BA9C-24A6E4C21C86}.Release|Any CPU.ActiveCfg = Release|Any CPU
		{7B58E6A9-327D-4829-BA9C-24A6E4C21C86}.Release|Any CPU.Build.0 = Release|Any CPU
	EndGlobalSection
	GlobalSection(SolutionProperties) = preSolution
		HideSolutionNode = FALSE
	EndGlobalSection
	GlobalSection(ExtensibilityGlobals) = postSolution
		SolutionGuid = {7805A882-A32C-4033-8881-9800DAD8C6AD}
	EndGlobalSection
EndGlobal
